// !$*UTF8*$!
{
	archiveVersion = 1;
	classes = {
	};
	objectVersion = 50;
	objects = {

/* Begin PBXBuildFile section */
		EAB7C2C823C5B36200A78A01 /* AppDelegate.swift in Sources */ = {isa = PBXBuildFile; fileRef = EAB7C2C723C5B36200A78A01 /* AppDelegate.swift */; };
		EAB7C2CA23C5B36200A78A01 /* SceneDelegate.swift in Sources */ = {isa = PBXBuildFile; fileRef = EAB7C2C923C5B36200A78A01 /* SceneDelegate.swift */; };
		EAB7C2CC23C5B36200A78A01 /* ViewController.swift in Sources */ = {isa = PBXBuildFile; fileRef = EAB7C2CB23C5B36200A78A01 /* ViewController.swift */; };
		EAB7C2CF23C5B36200A78A01 /* Main.storyboard in Resources */ = {isa = PBXBuildFile; fileRef = EAB7C2CD23C5B36200A78A01 /* Main.storyboard */; };
		EAB7C2D123C5B36600A78A01 /* Assets.xcassets in Resources */ = {isa = PBXBuildFile; fileRef = EAB7C2D023C5B36600A78A01 /* Assets.xcassets */; };
		EAB7C2D423C5B36600A78A01 /* LaunchScreen.storyboard in Resources */ = {isa = PBXBuildFile; fileRef = EAB7C2D223C5B36600A78A01 /* LaunchScreen.storyboard */; };
/* End PBXBuildFile section */

/* Begin PBXFileReference section */
		EAB7C2C423C5B36200A78A01 /* ReduxSwiftSample.app */ = {isa = PBXFileReference; explicitFileType = wrapper.application; includeInIndex = 0; path = ReduxSwiftSample.app; sourceTree = BUILT_PRODUCTS_DIR; };
		EAB7C2C723C5B36200A78A01 /* AppDelegate.swift */ = {isa = PBXFileReference; lastKnownFileType = sourcecode.swift; path = AppDelegate.swift; sourceTree = "<group>"; };
		EAB7C2C923C5B36200A78A01 /* SceneDelegate.swift */ = {isa = PBXFileReference; lastKnownFileType = sourcecode.swift; path = SceneDelegate.swift; sourceTree = "<group>"; };
		EAB7C2CB23C5B36200A78A01 /* ViewController.swift */ = {isa = PBXFileReference; lastKnownFileType = sourcecode.swift; path = ViewController.swift; sourceTree = "<group>"; };
		EAB7C2CE23C5B36200A78A01 /* Base */ = {isa = PBXFileReference; lastKnownFileType = file.storyboard; name = Base; path = Base.lproj/Main.storyboard; sourceTree = "<group>"; };
		EAB7C2D023C5B36600A78A01 /* Assets.xcassets */ = {isa = PBXFileReference; lastKnownFileType = folder.assetcatalog; path = Assets.xcassets; sourceTree = "<group>"; };
		EAB7C2D323C5B36600A78A01 /* Base */ = {isa = PBXFileReference; lastKnownFileType = file.storyboard; name = Base; path = Base.lproj/LaunchScreen.storyboard; sourceTree = "<group>"; };
		EAB7C2D523C5B36600A78A01 /* Info.plist */ = {isa = PBXFileReference; lastKnownFileType = text.plist.xml; path = Info.plist; sourceTree = "<group>"; };
/* End PBXFileReference section */

/* Begin PBXFrameworksBuildPhase section */
		EAB7C2C123C5B36200A78A01 /* Frameworks */ = {
			isa = PBXFrameworksBuildPhase;
			buildActionMask = 2147483647;
			files = (
			);
			runOnlyForDeploymentPostprocessing = 0;
		};
/* End PBXFrameworksBuildPhase section */

/* Begin PBXGroup section */
		EAB7C2BB23C5B36200A78A01 = {
			isa = PBXGroup;
			children = (
				EAB7C2C623C5B36200A78A01 /* ReduxSwiftSample */,
				EAB7C2C523C5B36200A78A01 /* Products */,
			);
			sourceTree = "<group>";
		};
		EAB7C2C523C5B36200A78A01 /* Products */ = {
			isa = PBXGroup;
			children = (
				EAB7C2C423C5B36200A78A01 /* ReduxSwiftSample.app */,
			);
			name = Products;
			sourceTree = "<group>";
		};
		EAB7C2C623C5B36200A78A01 /* ReduxSwiftSample */ = {
			isa = PBXGroup;
			children = (
				EAB7C2C723C5B36200A78A01 /* AppDelegate.swift */,
				EAB7C2C923C5B36200A78A01 /* SceneDelegate.swift */,
				EAB7C2CB23C5B36200A78A01 /* ViewController.swift */,
				EAB7C2CD23C5B36200A78A01 /* Main.storyboard */,
				EAB7C2D023C5B36600A78A01 /* Assets.xcassets */,
				EAB7C2D223C5B36600A78A01 /* LaunchScreen.storyboard */,
				EAB7C2D523C5B36600A78A01 /* Info.plist */,
			);
			path = ReduxSwiftSample;
			sourceTree = "<group>";
		};
/* End PBXGroup section */

/* Begin PBXNativeTarget section */
		EAB7C2C323C5B36200A78A01 /* ReduxSwiftSample */ = {
			isa = PBXNativeTarget;
			buildConfigurationList = EAB7C2D823C5B36600A78A01 /* Build configuration list for PBXNativeTarget "ReduxSwiftSample" */;
			buildPhases = (
				EAB7C2C023C5B36200A78A01 /* Sources */,
				EAB7C2C123C5B36200A78A01 /* Frameworks */,
				EAB7C2C223C5B36200A78A01 /* Resources */,
			);
			buildRules = (
			);
			dependencies = (
			);
			name = ReduxSwiftSample;
			productName = ReduxSwiftSample;
			productReference = EAB7C2C423C5B36200A78A01 /* ReduxSwiftSample.app */;
			productType = "com.apple.product-type.application";
		};
/* End PBXNativeTarget section */

/* Begin PBXProject section */
		EAB7C2BC23C5B36200A78A01 /* Project object */ = {
			isa = PBXProject;
			attributes = {
				LastSwiftUpdateCheck = 1120;
				LastUpgradeCheck = 1120;
				ORGANIZATIONNAME = tony;
				TargetAttributes = {
					EAB7C2C323C5B36200A78A01 = {
						CreatedOnToolsVersion = 11.2.1;
					};
				};
			};
			buildConfigurationList = EAB7C2BF23C5B36200A78A01 /* Build configuration list for PBXProject "ReduxSwiftSample" */;
			compatibilityVersion = "Xcode 9.3";
			developmentRegion = en;
			hasScannedForEncodings = 0;
			knownRegions = (
				en,
				Base,
			);
			mainGroup = EAB7C2BB23C5B36200A78A01;
			productRefGroup = EAB7C2C523C5B36200A78A01 /* Products */;
			projectDirPath = "";
			projectRoot = "";
			targets = (
				EAB7C2C323C5B36200A78A01 /* ReduxSwiftSample */,
			);
		};
/* End PBXProject section */

/* Begin PBXResourcesBuildPhase section */
		EAB7C2C223C5B36200A78A01 /* Resources */ = {
			isa = PBXResourcesBuildPhase;
			buildActionMask = 2147483647;
			files = (
				EAB7C2D423C5B36600A78A01 /* LaunchScreen.storyboard in Resources */,
				EAB7C2D123C5B36600A78A01 /* Assets.xcassets in Resources */,
				EAB7C2CF23C5B36200A78A01 /* Main.storyboard in Resources */,
			);
			runOnlyForDeploymentPostprocessing = 0;
		};
/* End PBXResourcesBuildPhase section */

/* Begin PBXSourcesBuildPhase section */
		EAB7C2C023C5B36200A78A01 /* Sources */ = {
			isa = PBXSourcesBuildPhase;
			buildActionMask = 2147483647;
			files = (
				EAB7C2CC23C5B36200A78A01 /* ViewController.swift in Sources */,
				EAB7C2C823C5B36200A78A01 /* AppDelegate.swift in Sources */,
				EAB7C2CA23C5B36200A78A01 /* SceneDelegate.swift in Sources */,
			);
			runOnlyForDeploymentPostprocessing = 0;
		};
/* End PBXSourcesBuildPhase section */

/* Begin PBXVariantGroup section */
		EAB7C2CD23C5B36200A78A01 /* Main.storyboard */ = {
			isa = PBXVariantGroup;
			children = (
				EAB7C2CE23C5B36200A78A01 /* Base */,
			);
			name = Main.storyboard;
			sourceTree = "<group>";
		};
		EAB7C2D223C5B36600A78A01 /* LaunchScreen.storyboard */ = {
			isa = PBXVariantGroup;
			children = (
				EAB7C2D323C5B36600A78A01 /* Base */,
			);
			name = LaunchScreen.storyboard;
			sourceTree = "<group>";
		};
/* End PBXVariantGroup section */

/* Begin XCBuildConfiguration section */
		EAB7C2D623C5B36600A78A01 /* Debug */ = {
			isa = XCBuildConfiguration;
			buildSettings = {
				ALWAYS_SEARCH_USER_PATHS = NO;
				CLANG_ANALYZER_NONNULL = YES;
				CLANG_ANALYZER_NUMBER_OBJECT_CONVERSION = YES_AGGRESSIVE;
				CLANG_CXX_LANGUAGE_STANDARD = "gnu++14";
				CLANG_CXX_LIBRARY = "libc++";
				CLANG_ENABLE_MODULES = YES;
				CLANG_ENABLE_OBJC_ARC = YES;
				CLANG_ENABLE_OBJC_WEAK = YES;
				CLANG_WARN_BLOCK_CAPTURE_AUTORELEASING = YES;
				CLANG_WARN_BOOL_CONVERSION = YES;
				CLANG_WARN_COMMA = YES;
				CLANG_WARN_CONSTANT_CONVERSION = YES;
				CLANG_WARN_DEPRECATED_OBJC_IMPLEMENTATIONS = YES;
				CLANG_WARN_DIRECT_OBJC_ISA_USAGE = YES_ERROR;
				CLANG_WARN_DOCUMENTATION_COMMENTS = YES;
				CLANG_WARN_EMPTY_BODY = YES;
				CLANG_WARN_ENUM_CONVERSION = YES;
				CLANG_WARN_INFINITE_RECURSION = YES;
				CLANG_WARN_INT_CONVERSION = YES;
				CLANG_WARN_NON_LITERAL_NULL_CONVERSION = YES;
				CLANG_WARN_OBJC_IMPLICIT_RETAIN_SELF = YES;
				CLANG_WARN_OBJC_LITERAL_CONVERSION = YES;
				CLANG_WARN_OBJC_ROOT_CLASS = YES_ERROR;
				CLANG_WARN_RANGE_LOOP_ANALYSIS = YES;
				CLANG_WARN_STRICT_PROTOTYPES = YES;
				CLANG_WARN_SUSPICIOUS_MOVE = YES;
				CLANG_WARN_UNGUARDED_AVAILABILITY = YES_AGGRESSIVE;
				CLANG_WARN_UNREACHABLE_CODE = YES;
				CLANG_WARN__DUPLICATE_METHOD_MATCH = YES;
				COPY_PHASE_STRIP = NO;
				DEBUG_INFORMATION_FORMAT = dwarf;
				ENABLE_STRICT_OBJC_MSGSEND = YES;
				ENABLE_TESTABILITY = YES;
				GCC_C_LANGUAGE_STANDARD = gnu11;
				GCC_DYNAMIC_NO_PIC = NO;
				GCC_NO_COMMON_BLOCKS = YES;
				GCC_OPTIMIZATION_LEVEL = 0;
				GCC_PREPROCESSOR_DEFINITIONS = (
					"DEBUG=1",
					"$(inherited)",
				);
				GCC_WARN_64_TO_32_BIT_CONVERSION = YES;
				GCC_WARN_ABOUT_RETURN_TYPE = YES_ERROR;
				GCC_WARN_UNDECLARED_SELECTOR = YES;
				GCC_WARN_UNINITIALIZED_AUTOS = YES_AGGRESSIVE;
				GCC_WARN_UNUSED_FUNCTION = YES;
				GCC_WARN_UNUSED_VARIABLE = YES;
				IPHONEOS_DEPLOYMENT_TARGET = 13.2;
				MTL_ENABLE_DEBUG_INFO = INCLUDE_SOURCE;
				MTL_FAST_MATH = YES;
				ONLY_ACTIVE_ARCH = YES;
				SDKROOT = iphoneos;
				SWIFT_ACTIVE_COMPILATION_CONDITIONS = DEBUG;
				SWIFT_OPTIMIZATION_LEVEL = "-Onone";
			};
			name = Debug;
		};
		EAB7C2D723C5B36600A78A01 /* Release */ = {
			isa = XCBuildConfiguration;
			buildSettings = {
				ALWAYS_SEARCH_USER_PATHS = NO;
				CLANG_ANALYZER_NONNULL = YES;
				CLANG_ANALYZER_NUMBER_OBJECT_CONVERSION = YES_AGGRESSIVE;
				CLANG_CXX_LANGUAGE_STANDARD = "gnu++14";
				CLANG_CXX_LIBRARY = "libc++";
				CLANG_ENABLE_MODULES = YES;
				CLANG_ENABLE_OBJC_ARC = YES;
				CLANG_ENABLE_OBJC_WEAK = YES;
				CLANG_WARN_BLOCK_CAPTURE_AUTORELEASING = YES;
				CLANG_WARN_BOOL_CONVERSION = YES;
				CLANG_WARN_COMMA = YES;
				CLANG_WARN_CONSTANT_CONVERSION = YES;
				CLANG_WARN_DEPRECATED_OBJC_IMPLEMENTATIONS = YES;
				CLANG_WARN_DIRECT_OBJC_ISA_USAGE = YES_ERROR;
				CLANG_WARN_DOCUMENTATION_COMMENTS = YES;
				CLANG_WARN_EMPTY_BODY = YES;
				CLANG_WARN_ENUM_CONVERSION = YES;
				CLANG_WARN_INFINITE_RECURSION = YES;
				CLANG_WARN_INT_CONVERSION = YES;
				CLANG_WARN_NON_LITERAL_NULL_CONVERSION = YES;
				CLANG_WARN_OBJC_IMPLICIT_RETAIN_SELF = YES;
				CLANG_WARN_OBJC_LITERAL_CONVERSION = YES;
				CLANG_WARN_OBJC_ROOT_CLASS = YES_ERROR;
				CLANG_WARN_RANGE_LOOP_ANALYSIS = YES;
				CLANG_WARN_STRICT_PROTOTYPES = YES;
				CLANG_WARN_SUSPICIOUS_MOVE = YES;
				CLANG_WARN_UNGUARDED_AVAILABILITY = YES_AGGRESSIVE;
				CLANG_WARN_UNREACHABLE_CODE = YES;
				CLANG_WARN__DUPLICATE_METHOD_MATCH = YES;
				COPY_PHASE_STRIP = NO;
				DEBUG_INFORMATION_FORMAT = "dwarf-with-dsym";
				ENABLE_NS_ASSERTIONS = NO;
				ENABLE_STRICT_OBJC_MSGSEND = YES;
				GCC_C_LANGUAGE_STANDARD = gnu11;
				GCC_NO_COMMON_BLOCKS = YES;
				GCC_WARN_64_TO_32_BIT_CONVERSION = YES;
				GCC_WARN_ABOUT_RETURN_TYPE = YES_ERROR;
				GCC_WARN_UNDECLARED_SELECTOR = YES;
				GCC_WARN_UNINITIALIZED_AUTOS = YES_AGGRESSIVE;
				GCC_WARN_UNUSED_FUNCTION = YES;
				GCC_WARN_UNUSED_VARIABLE = YES;
				IPHONEOS_DEPLOYMENT_TARGET = 13.2;
				MTL_ENABLE_DEBUG_INFO = NO;
				MTL_FAST_MATH = YES;
				SDKROOT = iphoneos;
				SWIFT_COMPILATION_MODE = wholemodule;
				SWIFT_OPTIMIZATION_LEVEL = "-O";
				VALIDATE_PRODUCT = YES;
			};
			name = Release;
		};
		EAB7C2D923C5B36600A78A01 /* Debug */ = {
			isa = XCBuildConfiguration;
			buildSettings = {
				ASSETCATALOG_COMPILER_APPICON_NAME = AppIcon;
				CODE_SIGN_STYLE = Automatic;
				INFOPLIST_FILE = ReduxSwiftSample/Info.plist;
				LD_RUNPATH_SEARCH_PATHS = (
					"$(inherited)",
					"@executable_path/Frameworks",
				);
				PRODUCT_BUNDLE_IDENTIFIER = tony.ReduxSwiftSample;
				PRODUCT_NAME = "$(TARGET_NAME)";
				SWIFT_VERSION = 5.0;
				TARGETED_DEVICE_FAMILY = "1,2";
			};
			name = Debug;
		};
		EAB7C2DA23C5B36600A78A01 /* Release */ = {
			isa = XCBuildConfiguration;
			buildSettings = {
				ASSETCATALOG_COMPILER_APPICON_NAME = AppIcon;
				CODE_SIGN_STYLE = Automatic;
				INFOPLIST_FILE = ReduxSwiftSample/Info.plist;
				LD_RUNPATH_SEARCH_PATHS = (
					"$(inherited)",
					"@executable_path/Frameworks",
				);
				PRODUCT_BUNDLE_IDENTIFIER = tony.ReduxSwiftSample;
				PRODUCT_NAME = "$(TARGET_NAME)";
				SWIFT_VERSION = 5.0;
				TARGETED_DEVICE_FAMILY = "1,2";
			};
			name = Release;
		};
/* End XCBuildConfiguration section */

/* Begin XCConfigurationList section */
		EAB7C2BF23C5B36200A78A01 /* Build configuration list for PBXProject "ReduxSwiftSample" */ = {
			isa = XCConfigurationList;
			buildConfigurations = (
				EAB7C2D623C5B36600A78A01 /* Debug */,
				EAB7C2D723C5B36600A78A01 /* Release */,
			);
			defaultConfigurationIsVisible = 0;
			defaultConfigurationName = Release;
		};
		EAB7C2D823C5B36600A78A01 /* Build configuration list for PBXNativeTarget "ReduxSwiftSample" */ = {
			isa = XCConfigurationList;
			buildConfigurations = (
				EAB7C2D923C5B36600A78A01 /* Debug */,
				EAB7C2DA23C5B36600A78A01 /* Release */,
			);
			defaultConfigurationIsVisible = 0;
			defaultConfigurationName = Release;
		};
/* End XCConfigurationList section */
	};
	rootObject = EAB7C2BC23C5B36200A78A01 /* Project object */;
}
