// !$*UTF8*$!
{
	archiveVersion = 1;
	classes = {
	};
	objectVersion = 50;
	objects = {

/* Begin PBXBuildFile section */
		EAB7C2C823C5B36200A78A01 /* AppDelegate.swift in Sources */ = {isa = PBXBuildFile; fileRef = EAB7C2C723C5B36200A78A01 /* AppDelegate.swift */; };
		EAB7C2CA23C5B36200A78A01 /* SceneDelegate.swift in Sources */ = {isa = PBXBuildFile; fileRef = EAB7C2C923C5B36200A78A01 /* SceneDelegate.swift */; };
		EAB7C2CC23C5B36200A78A01 /* ViewController.swift in Sources */ = {isa = PBXBuildFile; fileRef = EAB7C2CB23C5B36200A78A01 /* ViewController.swift */; };
		EAB7C2CF23C5B36200A78A01 /* Main.storyboard in Resources */ = {isa = PBXBuildFile; fileRef = EAB7C2CD23C5B36200A78A01 /* Main.storyboard */; };
		EAB7C2D123C5B36600A78A01 /* Assets.xcassets in Resources */ = {isa = PBXBuildFile; fileRef = EAB7C2D023C5B36600A78A01 /* Assets.xcassets */; };
		EAB7C2D423C5B36600A78A01 /* LaunchScreen.storyboard in Resources */ = {isa = PBXBuildFile; fileRef = EAB7C2D223C5B36600A78A01 /* LaunchScreen.storyboard */; };
		EAB7C2E023C5B40100A78A01 /* LoginViewController.swift in Sources */ = {isa = PBXBuildFile; fileRef = EAB7C2DF23C5B40100A78A01 /* LoginViewController.swift */; };
		EAB7C2E223C5B41500A78A01 /* RegisterViewController.swift in Sources */ = {isa = PBXBuildFile; fileRef = EAB7C2E123C5B41500A78A01 /* RegisterViewController.swift */; };
		EAB7C2E423C5B42C00A78A01 /* BaseViewController.swift in Sources */ = {isa = PBXBuildFile; fileRef = EAB7C2E323C5B42C00A78A01 /* BaseViewController.swift */; };
		EAB7C2E623C5B50B00A78A01 /* Store.swift in Sources */ = {isa = PBXBuildFile; fileRef = EAB7C2E523C5B50B00A78A01 /* Store.swift */; };
		EAB7C2E823C5B51600A78A01 /* AppState.swift in Sources */ = {isa = PBXBuildFile; fileRef = EAB7C2E723C5B51600A78A01 /* AppState.swift */; };
		EAB7C2EA23C5B52500A78A01 /* AppAction.swift in Sources */ = {isa = PBXBuildFile; fileRef = EAB7C2E923C5B52500A78A01 /* AppAction.swift */; };
		EAB7C2EC23C5B53300A78A01 /* AppCommand.swift in Sources */ = {isa = PBXBuildFile; fileRef = EAB7C2EB23C5B53300A78A01 /* AppCommand.swift */; };
		EAB7C2EE23C5B54000A78A01 /* AppError.swift in Sources */ = {isa = PBXBuildFile; fileRef = EAB7C2ED23C5B54000A78A01 /* AppError.swift */; };
		EAB7C2F123C5B5C300A78A01 /* User.swift in Sources */ = {isa = PBXBuildFile; fileRef = EAB7C2F023C5B5C300A78A01 /* User.swift */; };
		EAB7C2F423C5B63400A78A01 /* AccountReducer.swift in Sources */ = {isa = PBXBuildFile; fileRef = EAB7C2F323C5B63400A78A01 /* AccountReducer.swift */; };
		EAB7C2F623C5BA2700A78A01 /* LoginRequest.swift in Sources */ = {isa = PBXBuildFile; fileRef = EAB7C2F523C5BA2700A78A01 /* LoginRequest.swift */; };
		EAB7C2F823C5BA3800A78A01 /* RegisterRequest.swift in Sources */ = {isa = PBXBuildFile; fileRef = EAB7C2F723C5BA3800A78A01 /* RegisterRequest.swift */; };
		EAB7C2FA23C5BA4800A78A01 /* LogoutRequest.swift in Sources */ = {isa = PBXBuildFile; fileRef = EAB7C2F923C5BA4800A78A01 /* LogoutRequest.swift */; };
		EAB7C2FD23C5CD0000A78A01 /* UIStoryboardExtension.swift in Sources */ = {isa = PBXBuildFile; fileRef = EAB7C2FC23C5CD0000A78A01 /* UIStoryboardExtension.swift */; };
		EAB7C2FF23C5D86400A78A01 /* LoginAppCommand.swift in Sources */ = {isa = PBXBuildFile; fileRef = EAB7C2FE23C5D86400A78A01 /* LoginAppCommand.swift */; };
		EAB7C30123C5D8EA00A78A01 /* RegisterAppCommand.swift in Sources */ = {isa = PBXBuildFile; fileRef = EAB7C30023C5D8EA00A78A01 /* RegisterAppCommand.swift */; };
		EAB7C30323C5D90E00A78A01 /* LogoutAppCommand.swift in Sources */ = {isa = PBXBuildFile; fileRef = EAB7C30223C5D90E00A78A01 /* LogoutAppCommand.swift */; };
/* End PBXBuildFile section */

/* Begin PBXFileReference section */
		EAB7C2C423C5B36200A78A01 /* ReduxSwiftSample.app */ = {isa = PBXFileReference; explicitFileType = wrapper.application; includeInIndex = 0; path = ReduxSwiftSample.app; sourceTree = BUILT_PRODUCTS_DIR; };
		EAB7C2C723C5B36200A78A01 /* AppDelegate.swift */ = {isa = PBXFileReference; lastKnownFileType = sourcecode.swift; path = AppDelegate.swift; sourceTree = "<group>"; };
		EAB7C2C923C5B36200A78A01 /* SceneDelegate.swift */ = {isa = PBXFileReference; lastKnownFileType = sourcecode.swift; path = SceneDelegate.swift; sourceTree = "<group>"; };
		EAB7C2CB23C5B36200A78A01 /* ViewController.swift */ = {isa = PBXFileReference; lastKnownFileType = sourcecode.swift; path = ViewController.swift; sourceTree = "<group>"; };
		EAB7C2CE23C5B36200A78A01 /* Base */ = {isa = PBXFileReference; lastKnownFileType = file.storyboard; name = Base; path = Base.lproj/Main.storyboard; sourceTree = "<group>"; };
		EAB7C2D023C5B36600A78A01 /* Assets.xcassets */ = {isa = PBXFileReference; lastKnownFileType = folder.assetcatalog; path = Assets.xcassets; sourceTree = "<group>"; };
		EAB7C2D323C5B36600A78A01 /* Base */ = {isa = PBXFileReference; lastKnownFileType = file.storyboard; name = Base; path = Base.lproj/LaunchScreen.storyboard; sourceTree = "<group>"; };
		EAB7C2D523C5B36600A78A01 /* Info.plist */ = {isa = PBXFileReference; lastKnownFileType = text.plist.xml; path = Info.plist; sourceTree = "<group>"; };
		EAB7C2DF23C5B40100A78A01 /* LoginViewController.swift */ = {isa = PBXFileReference; lastKnownFileType = sourcecode.swift; path = LoginViewController.swift; sourceTree = "<group>"; };
		EAB7C2E123C5B41500A78A01 /* RegisterViewController.swift */ = {isa = PBXFileReference; lastKnownFileType = sourcecode.swift; path = RegisterViewController.swift; sourceTree = "<group>"; };
		EAB7C2E323C5B42C00A78A01 /* BaseViewController.swift */ = {isa = PBXFileReference; lastKnownFileType = sourcecode.swift; path = BaseViewController.swift; sourceTree = "<group>"; };
		EAB7C2E523C5B50B00A78A01 /* Store.swift */ = {isa = PBXFileReference; lastKnownFileType = sourcecode.swift; path = Store.swift; sourceTree = "<group>"; };
		EAB7C2E723C5B51600A78A01 /* AppState.swift */ = {isa = PBXFileReference; lastKnownFileType = sourcecode.swift; path = AppState.swift; sourceTree = "<group>"; };
		EAB7C2E923C5B52500A78A01 /* AppAction.swift */ = {isa = PBXFileReference; lastKnownFileType = sourcecode.swift; path = AppAction.swift; sourceTree = "<group>"; };
		EAB7C2EB23C5B53300A78A01 /* AppCommand.swift */ = {isa = PBXFileReference; lastKnownFileType = sourcecode.swift; path = AppCommand.swift; sourceTree = "<group>"; };
		EAB7C2ED23C5B54000A78A01 /* AppError.swift */ = {isa = PBXFileReference; lastKnownFileType = sourcecode.swift; path = AppError.swift; sourceTree = "<group>"; };
		EAB7C2F023C5B5C300A78A01 /* User.swift */ = {isa = PBXFileReference; lastKnownFileType = sourcecode.swift; path = User.swift; sourceTree = "<group>"; };
		EAB7C2F323C5B63400A78A01 /* AccountReducer.swift */ = {isa = PBXFileReference; lastKnownFileType = sourcecode.swift; path = AccountReducer.swift; sourceTree = "<group>"; };
		EAB7C2F523C5BA2700A78A01 /* LoginRequest.swift */ = {isa = PBXFileReference; lastKnownFileType = sourcecode.swift; path = LoginRequest.swift; sourceTree = "<group>"; };
		EAB7C2F723C5BA3800A78A01 /* RegisterRequest.swift */ = {isa = PBXFileReference; lastKnownFileType = sourcecode.swift; path = RegisterRequest.swift; sourceTree = "<group>"; };
		EAB7C2F923C5BA4800A78A01 /* LogoutRequest.swift */ = {isa = PBXFileReference; lastKnownFileType = sourcecode.swift; path = LogoutRequest.swift; sourceTree = "<group>"; };
		EAB7C2FC23C5CD0000A78A01 /* UIStoryboardExtension.swift */ = {isa = PBXFileReference; lastKnownFileType = sourcecode.swift; path = UIStoryboardExtension.swift; sourceTree = "<group>"; };
		EAB7C2FE23C5D86400A78A01 /* LoginAppCommand.swift */ = {isa = PBXFileReference; lastKnownFileType = sourcecode.swift; path = LoginAppCommand.swift; sourceTree = "<group>"; };
		EAB7C30023C5D8EA00A78A01 /* RegisterAppCommand.swift */ = {isa = PBXFileReference; lastKnownFileType = sourcecode.swift; path = RegisterAppCommand.swift; sourceTree = "<group>"; };
		EAB7C30223C5D90E00A78A01 /* LogoutAppCommand.swift */ = {isa = PBXFileReference; lastKnownFileType = sourcecode.swift; path = LogoutAppCommand.swift; sourceTree = "<group>"; };
/* End PBXFileReference section */

/* Begin PBXFrameworksBuildPhase section */
		EAB7C2C123C5B36200A78A01 /* Frameworks */ = {
			isa = PBXFrameworksBuildPhase;
			buildActionMask = 2147483647;
			files = (
			);
			runOnlyForDeploymentPostprocessing = 0;
		};
/* End PBXFrameworksBuildPhase section */

/* Begin PBXGroup section */
		EAB7C2BB23C5B36200A78A01 = {
			isa = PBXGroup;
			children = (
				EAB7C2C623C5B36200A78A01 /* ReduxSwiftSample */,
				EAB7C2C523C5B36200A78A01 /* Products */,
			);
			sourceTree = "<group>";
		};
		EAB7C2C523C5B36200A78A01 /* Products */ = {
			isa = PBXGroup;
			children = (
				EAB7C2C423C5B36200A78A01 /* ReduxSwiftSample.app */,
			);
			name = Products;
			sourceTree = "<group>";
		};
		EAB7C2C623C5B36200A78A01 /* ReduxSwiftSample */ = {
			isa = PBXGroup;
			children = (
				EAB7C2FB23C5CCE100A78A01 /* Extension */,
				EAB7C2EF23C5B5B800A78A01 /* Model */,
				EAB7C2DE23C5B3ED00A78A01 /* UI */,
				EAB7C2DB23C5B3B300A78A01 /* State */,
				EAB7C2C723C5B36200A78A01 /* AppDelegate.swift */,
				EAB7C2C923C5B36200A78A01 /* SceneDelegate.swift */,
				EAB7C2CB23C5B36200A78A01 /* ViewController.swift */,
				EAB7C2CD23C5B36200A78A01 /* Main.storyboard */,
				EAB7C2D023C5B36600A78A01 /* Assets.xcassets */,
				EAB7C2D223C5B36600A78A01 /* LaunchScreen.storyboard */,
				EAB7C2D523C5B36600A78A01 /* Info.plist */,
			);
			path = ReduxSwiftSample;
			sourceTree = "<group>";
		};
		EAB7C2DB23C5B3B300A78A01 /* State */ = {
			isa = PBXGroup;
			children = (
				EAB7C2DC23C5B3C000A78A01 /* DataFlow */,
				EAB7C2DD23C5B3D800A78A01 /* Netwotking */,
			);
			path = State;
			sourceTree = "<group>";
		};
		EAB7C2DC23C5B3C000A78A01 /* DataFlow */ = {
			isa = PBXGroup;
			children = (
				EAB7C2F223C5B61D00A78A01 /* Command */,
				EAB7C2E523C5B50B00A78A01 /* Store.swift */,
				EAB7C2E723C5B51600A78A01 /* AppState.swift */,
				EAB7C2E923C5B52500A78A01 /* AppAction.swift */,
				EAB7C2ED23C5B54000A78A01 /* AppError.swift */,
				EAB7C2F323C5B63400A78A01 /* AccountReducer.swift */,
			);
			path = DataFlow;
			sourceTree = "<group>";
		};
		EAB7C2DD23C5B3D800A78A01 /* Netwotking */ = {
			isa = PBXGroup;
			children = (
				EAB7C2F523C5BA2700A78A01 /* LoginRequest.swift */,
				EAB7C2F723C5BA3800A78A01 /* RegisterRequest.swift */,
				EAB7C2F923C5BA4800A78A01 /* LogoutRequest.swift */,
			);
			path = Netwotking;
			sourceTree = "<group>";
		};
		EAB7C2DE23C5B3ED00A78A01 /* UI */ = {
			isa = PBXGroup;
			children = (
				EAB7C2DF23C5B40100A78A01 /* LoginViewController.swift */,
				EAB7C2E123C5B41500A78A01 /* RegisterViewController.swift */,
				EAB7C2E323C5B42C00A78A01 /* BaseViewController.swift */,
			);
			path = UI;
			sourceTree = "<group>";
		};
		EAB7C2EF23C5B5B800A78A01 /* Model */ = {
			isa = PBXGroup;
			children = (
				EAB7C2F023C5B5C300A78A01 /* User.swift */,
			);
			path = Model;
			sourceTree = "<group>";
		};
		EAB7C2F223C5B61D00A78A01 /* Command */ = {
			isa = PBXGroup;
			children = (
				EAB7C2EB23C5B53300A78A01 /* AppCommand.swift */,
				EAB7C2FE23C5D86400A78A01 /* LoginAppCommand.swift */,
				EAB7C30023C5D8EA00A78A01 /* RegisterAppCommand.swift */,
				EAB7C30223C5D90E00A78A01 /* LogoutAppCommand.swift */,
			);
			path = Command;
			sourceTree = "<group>";
		};
		EAB7C2FB23C5CCE100A78A01 /* Extension */ = {
			isa = PBXGroup;
			children = (
				EAB7C2FC23C5CD0000A78A01 /* UIStoryboardExtension.swift */,
			);
			path = Extension;
			sourceTree = "<group>";
		};
/* End PBXGroup section */

/* Begin PBXNativeTarget section */
		EAB7C2C323C5B36200A78A01 /* ReduxSwiftSample */ = {
			isa = PBXNativeTarget;
			buildConfigurationList = EAB7C2D823C5B36600A78A01 /* Build configuration list for PBXNativeTarget "ReduxSwiftSample" */;
			buildPhases = (
				EAB7C2C023C5B36200A78A01 /* Sources */,
				EAB7C2C123C5B36200A78A01 /* Frameworks */,
				EAB7C2C223C5B36200A78A01 /* Resources */,
			);
			buildRules = (
			);
			dependencies = (
			);
			name = ReduxSwiftSample;
			productName = ReduxSwiftSample;
			productReference = EAB7C2C423C5B36200A78A01 /* ReduxSwiftSample.app */;
			productType = "com.apple.product-type.application";
		};
/* End PBXNativeTarget section */

/* Begin PBXProject section */
		EAB7C2BC23C5B36200A78A01 /* Project object */ = {
			isa = PBXProject;
			attributes = {
				LastSwiftUpdateCheck = 1120;
				LastUpgradeCheck = 1120;
				ORGANIZATIONNAME = tony;
				TargetAttributes = {
					EAB7C2C323C5B36200A78A01 = {
						CreatedOnToolsVersion = 11.2.1;
					};
				};
			};
			buildConfigurationList = EAB7C2BF23C5B36200A78A01 /* Build configuration list for PBXProject "ReduxSwiftSample" */;
			compatibilityVersion = "Xcode 9.3";
			developmentRegion = en;
			hasScannedForEncodings = 0;
			knownRegions = (
				en,
				Base,
			);
			mainGroup = EAB7C2BB23C5B36200A78A01;
			productRefGroup = EAB7C2C523C5B36200A78A01 /* Products */;
			projectDirPath = "";
			projectRoot = "";
			targets = (
				EAB7C2C323C5B36200A78A01 /* ReduxSwiftSample */,
			);
		};
/* End PBXProject section */

/* Begin PBXResourcesBuildPhase section */
		EAB7C2C223C5B36200A78A01 /* Resources */ = {
			isa = PBXResourcesBuildPhase;
			buildActionMask = 2147483647;
			files = (
				EAB7C2D423C5B36600A78A01 /* LaunchScreen.storyboard in Resources */,
				EAB7C2D123C5B36600A78A01 /* Assets.xcassets in Resources */,
				EAB7C2CF23C5B36200A78A01 /* Main.storyboard in Resources */,
			);
			runOnlyForDeploymentPostprocessing = 0;
		};
/* End PBXResourcesBuildPhase section */

/* Begin PBXSourcesBuildPhase section */
		EAB7C2C023C5B36200A78A01 /* Sources */ = {
			isa = PBXSourcesBuildPhase;
			buildActionMask = 2147483647;
			files = (
				EAB7C2E623C5B50B00A78A01 /* Store.swift in Sources */,
				EAB7C2FA23C5BA4800A78A01 /* LogoutRequest.swift in Sources */,
				EAB7C2E023C5B40100A78A01 /* LoginViewController.swift in Sources */,
				EAB7C2F823C5BA3800A78A01 /* RegisterRequest.swift in Sources */,
				EAB7C2E223C5B41500A78A01 /* RegisterViewController.swift in Sources */,
				EAB7C2E823C5B51600A78A01 /* AppState.swift in Sources */,
				EAB7C2EA23C5B52500A78A01 /* AppAction.swift in Sources */,
				EAB7C2F623C5BA2700A78A01 /* LoginRequest.swift in Sources */,
				EAB7C2F423C5B63400A78A01 /* AccountReducer.swift in Sources */,
				EAB7C30123C5D8EA00A78A01 /* RegisterAppCommand.swift in Sources */,
				EAB7C2CC23C5B36200A78A01 /* ViewController.swift in Sources */,
				EAB7C30323C5D90E00A78A01 /* LogoutAppCommand.swift in Sources */,
				EAB7C2C823C5B36200A78A01 /* AppDelegate.swift in Sources */,
				EAB7C2FF23C5D86400A78A01 /* LoginAppCommand.swift in Sources */,
				EAB7C2CA23C5B36200A78A01 /* SceneDelegate.swift in Sources */,
				EAB7C2F123C5B5C300A78A01 /* User.swift in Sources */,
				EAB7C2EE23C5B54000A78A01 /* AppError.swift in Sources */,
				EAB7C2FD23C5CD0000A78A01 /* UIStoryboardExtension.swift in Sources */,
				EAB7C2E423C5B42C00A78A01 /* BaseViewController.swift in Sources */,
				EAB7C2EC23C5B53300A78A01 /* AppCommand.swift in Sources */,
			);
			runOnlyForDeploymentPostprocessing = 0;
		};
/* End PBXSourcesBuildPhase section */

/* Begin PBXVariantGroup section */
		EAB7C2CD23C5B36200A78A01 /* Main.storyboard */ = {
			isa = PBXVariantGroup;
			children = (
				EAB7C2CE23C5B36200A78A01 /* Base */,
			);
			name = Main.storyboard;
			sourceTree = "<group>";
		};
		EAB7C2D223C5B36600A78A01 /* LaunchScreen.storyboard */ = {
			isa = PBXVariantGroup;
			children = (
				EAB7C2D323C5B36600A78A01 /* Base */,
			);
			name = LaunchScreen.storyboard;
			sourceTree = "<group>";
		};
/* End PBXVariantGroup section */

/* Begin XCBuildConfiguration section */
		EAB7C2D623C5B36600A78A01 /* Debug */ = {
			isa = XCBuildConfiguration;
			buildSettings = {
				ALWAYS_SEARCH_USER_PATHS = NO;
				CLANG_ANALYZER_NONNULL = YES;
				CLANG_ANALYZER_NUMBER_OBJECT_CONVERSION = YES_AGGRESSIVE;
				CLANG_CXX_LANGUAGE_STANDARD = "gnu++14";
				CLANG_CXX_LIBRARY = "libc++";
				CLANG_ENABLE_MODULES = YES;
				CLANG_ENABLE_OBJC_ARC = YES;
				CLANG_ENABLE_OBJC_WEAK = YES;
				CLANG_WARN_BLOCK_CAPTURE_AUTORELEASING = YES;
				CLANG_WARN_BOOL_CONVERSION = YES;
				CLANG_WARN_COMMA = YES;
				CLANG_WARN_CONSTANT_CONVERSION = YES;
				CLANG_WARN_DEPRECATED_OBJC_IMPLEMENTATIONS = YES;
				CLANG_WARN_DIRECT_OBJC_ISA_USAGE = YES_ERROR;
				CLANG_WARN_DOCUMENTATION_COMMENTS = YES;
				CLANG_WARN_EMPTY_BODY = YES;
				CLANG_WARN_ENUM_CONVERSION = YES;
				CLANG_WARN_INFINITE_RECURSION = YES;
				CLANG_WARN_INT_CONVERSION = YES;
				CLANG_WARN_NON_LITERAL_NULL_CONVERSION = YES;
				CLANG_WARN_OBJC_IMPLICIT_RETAIN_SELF = YES;
				CLANG_WARN_OBJC_LITERAL_CONVERSION = YES;
				CLANG_WARN_OBJC_ROOT_CLASS = YES_ERROR;
				CLANG_WARN_RANGE_LOOP_ANALYSIS = YES;
				CLANG_WARN_STRICT_PROTOTYPES = YES;
				CLANG_WARN_SUSPICIOUS_MOVE = YES;
				CLANG_WARN_UNGUARDED_AVAILABILITY = YES_AGGRESSIVE;
				CLANG_WARN_UNREACHABLE_CODE = YES;
				CLANG_WARN__DUPLICATE_METHOD_MATCH = YES;
				COPY_PHASE_STRIP = NO;
				DEBUG_INFORMATION_FORMAT = dwarf;
				ENABLE_STRICT_OBJC_MSGSEND = YES;
				ENABLE_TESTABILITY = YES;
				GCC_C_LANGUAGE_STANDARD = gnu11;
				GCC_DYNAMIC_NO_PIC = NO;
				GCC_NO_COMMON_BLOCKS = YES;
				GCC_OPTIMIZATION_LEVEL = 0;
				GCC_PREPROCESSOR_DEFINITIONS = (
					"DEBUG=1",
					"$(inherited)",
				);
				GCC_WARN_64_TO_32_BIT_CONVERSION = YES;
				GCC_WARN_ABOUT_RETURN_TYPE = YES_ERROR;
				GCC_WARN_UNDECLARED_SELECTOR = YES;
				GCC_WARN_UNINITIALIZED_AUTOS = YES_AGGRESSIVE;
				GCC_WARN_UNUSED_FUNCTION = YES;
				GCC_WARN_UNUSED_VARIABLE = YES;
				IPHONEOS_DEPLOYMENT_TARGET = 13.2;
				MTL_ENABLE_DEBUG_INFO = INCLUDE_SOURCE;
				MTL_FAST_MATH = YES;
				ONLY_ACTIVE_ARCH = YES;
				SDKROOT = iphoneos;
				SWIFT_ACTIVE_COMPILATION_CONDITIONS = DEBUG;
				SWIFT_OPTIMIZATION_LEVEL = "-Onone";
			};
			name = Debug;
		};
		EAB7C2D723C5B36600A78A01 /* Release */ = {
			isa = XCBuildConfiguration;
			buildSettings = {
				ALWAYS_SEARCH_USER_PATHS = NO;
				CLANG_ANALYZER_NONNULL = YES;
				CLANG_ANALYZER_NUMBER_OBJECT_CONVERSION = YES_AGGRESSIVE;
				CLANG_CXX_LANGUAGE_STANDARD = "gnu++14";
				CLANG_CXX_LIBRARY = "libc++";
				CLANG_ENABLE_MODULES = YES;
				CLANG_ENABLE_OBJC_ARC = YES;
				CLANG_ENABLE_OBJC_WEAK = YES;
				CLANG_WARN_BLOCK_CAPTURE_AUTORELEASING = YES;
				CLANG_WARN_BOOL_CONVERSION = YES;
				CLANG_WARN_COMMA = YES;
				CLANG_WARN_CONSTANT_CONVERSION = YES;
				CLANG_WARN_DEPRECATED_OBJC_IMPLEMENTATIONS = YES;
				CLANG_WARN_DIRECT_OBJC_ISA_USAGE = YES_ERROR;
				CLANG_WARN_DOCUMENTATION_COMMENTS = YES;
				CLANG_WARN_EMPTY_BODY = YES;
				CLANG_WARN_ENUM_CONVERSION = YES;
				CLANG_WARN_INFINITE_RECURSION = YES;
				CLANG_WARN_INT_CONVERSION = YES;
				CLANG_WARN_NON_LITERAL_NULL_CONVERSION = YES;
				CLANG_WARN_OBJC_IMPLICIT_RETAIN_SELF = YES;
				CLANG_WARN_OBJC_LITERAL_CONVERSION = YES;
				CLANG_WARN_OBJC_ROOT_CLASS = YES_ERROR;
				CLANG_WARN_RANGE_LOOP_ANALYSIS = YES;
				CLANG_WARN_STRICT_PROTOTYPES = YES;
				CLANG_WARN_SUSPICIOUS_MOVE = YES;
				CLANG_WARN_UNGUARDED_AVAILABILITY = YES_AGGRESSIVE;
				CLANG_WARN_UNREACHABLE_CODE = YES;
				CLANG_WARN__DUPLICATE_METHOD_MATCH = YES;
				COPY_PHASE_STRIP = NO;
				DEBUG_INFORMATION_FORMAT = "dwarf-with-dsym";
				ENABLE_NS_ASSERTIONS = NO;
				ENABLE_STRICT_OBJC_MSGSEND = YES;
				GCC_C_LANGUAGE_STANDARD = gnu11;
				GCC_NO_COMMON_BLOCKS = YES;
				GCC_WARN_64_TO_32_BIT_CONVERSION = YES;
				GCC_WARN_ABOUT_RETURN_TYPE = YES_ERROR;
				GCC_WARN_UNDECLARED_SELECTOR = YES;
				GCC_WARN_UNINITIALIZED_AUTOS = YES_AGGRESSIVE;
				GCC_WARN_UNUSED_FUNCTION = YES;
				GCC_WARN_UNUSED_VARIABLE = YES;
				IPHONEOS_DEPLOYMENT_TARGET = 13.2;
				MTL_ENABLE_DEBUG_INFO = NO;
				MTL_FAST_MATH = YES;
				SDKROOT = iphoneos;
				SWIFT_COMPILATION_MODE = wholemodule;
				SWIFT_OPTIMIZATION_LEVEL = "-O";
				VALIDATE_PRODUCT = YES;
			};
			name = Release;
		};
		EAB7C2D923C5B36600A78A01 /* Debug */ = {
			isa = XCBuildConfiguration;
			buildSettings = {
				ASSETCATALOG_COMPILER_APPICON_NAME = AppIcon;
				CODE_SIGN_STYLE = Automatic;
				INFOPLIST_FILE = ReduxSwiftSample/Info.plist;
				LD_RUNPATH_SEARCH_PATHS = (
					"$(inherited)",
					"@executable_path/Frameworks",
				);
				PRODUCT_BUNDLE_IDENTIFIER = tony.ReduxSwiftSample;
				PRODUCT_NAME = "$(TARGET_NAME)";
				SWIFT_VERSION = 5.0;
				TARGETED_DEVICE_FAMILY = "1,2";
			};
			name = Debug;
		};
		EAB7C2DA23C5B36600A78A01 /* Release */ = {
			isa = XCBuildConfiguration;
			buildSettings = {
				ASSETCATALOG_COMPILER_APPICON_NAME = AppIcon;
				CODE_SIGN_STYLE = Automatic;
				INFOPLIST_FILE = ReduxSwiftSample/Info.plist;
				LD_RUNPATH_SEARCH_PATHS = (
					"$(inherited)",
					"@executable_path/Frameworks",
				);
				PRODUCT_BUNDLE_IDENTIFIER = tony.ReduxSwiftSample;
				PRODUCT_NAME = "$(TARGET_NAME)";
				SWIFT_VERSION = 5.0;
				TARGETED_DEVICE_FAMILY = "1,2";
			};
			name = Release;
		};
/* End XCBuildConfiguration section */

/* Begin XCConfigurationList section */
		EAB7C2BF23C5B36200A78A01 /* Build configuration list for PBXProject "ReduxSwiftSample" */ = {
			isa = XCConfigurationList;
			buildConfigurations = (
				EAB7C2D623C5B36600A78A01 /* Debug */,
				EAB7C2D723C5B36600A78A01 /* Release */,
			);
			defaultConfigurationIsVisible = 0;
			defaultConfigurationName = Release;
		};
		EAB7C2D823C5B36600A78A01 /* Build configuration list for PBXNativeTarget "ReduxSwiftSample" */ = {
			isa = XCConfigurationList;
			buildConfigurations = (
				EAB7C2D923C5B36600A78A01 /* Debug */,
				EAB7C2DA23C5B36600A78A01 /* Release */,
			);
			defaultConfigurationIsVisible = 0;
			defaultConfigurationName = Release;
		};
/* End XCConfigurationList section */
	};
	rootObject = EAB7C2BC23C5B36200A78A01 /* Project object */;
}
